{
  "name": "libphonenumber",
  "lockfileVersion": 2,
  "requires": true,
  "packages": {
    "": {
      "dependencies": {
        "libphonenumber-js": "^1.9.49"
      }
    },
    "node_modules/libphonenumber-js": {
      "version": "1.9.49",
      "resolved": "https://registry.npmjs.org/libphonenumber-js/-/libphonenumber-js-1.9.49.tgz",
      "integrity": "sha512-/wEOIONcVboFky+lWlCaF7glm1FhBz11M5PHeCApA+xDdVfmhKjHktHS8KjyGxouV5CSXIr4f3GvLSpJa4qMSg=="
    }
  },
  "dependencies": {
    "libphonenumber-js": {
      "version": "1.9.49",
      "resolved": "https://registry.npmjs.org/libphonenumber-js/-/libphonenumber-js-1.9.49.tgz",
      "integrity": "sha512-/wEOIONcVboFky+lWlCaF7glm1FhBz11M5PHeCApA+xDdVfmhKjHktHS8KjyGxouV5CSXIr4f3GvLSpJa4qMSg=="
    }
  }
}
